// !$*UTF8*$!
{
	archiveVersion = 1;
	classes = {
	};
	objectVersion = 50;
	objects = {

/* Begin PBXBuildFile section */
		8B14B95E22E7154900ADAAD2 /* AppDelegate.swift in Sources */ = {isa = PBXBuildFile; fileRef = 8B14B95D22E7154900ADAAD2 /* AppDelegate.swift */; };
		8B14B96322E7154900ADAAD2 /* Main.storyboard in Resources */ = {isa = PBXBuildFile; fileRef = 8B14B96122E7154900ADAAD2 /* Main.storyboard */; };
		8B14B96522E7154C00ADAAD2 /* Assets.xcassets in Resources */ = {isa = PBXBuildFile; fileRef = 8B14B96422E7154C00ADAAD2 /* Assets.xcassets */; };
		8B14B96822E7154C00ADAAD2 /* LaunchScreen.storyboard in Resources */ = {isa = PBXBuildFile; fileRef = 8B14B96622E7154C00ADAAD2 /* LaunchScreen.storyboard */; };
		8B14B97122E72EF500ADAAD2 /* MyAnimeDB.png in Resources */ = {isa = PBXBuildFile; fileRef = 8B14B97022E72EF500ADAAD2 /* MyAnimeDB.png */; };
		8B14B97622E744A700ADAAD2 /* CSearchController.swift in Sources */ = {isa = PBXBuildFile; fileRef = 8B14B97522E744A700ADAAD2 /* CSearchController.swift */; };
		8B14B97B22E74D7D00ADAAD2 /* characters.json in Resources */ = {isa = PBXBuildFile; fileRef = 8B14B97A22E74D7D00ADAAD2 /* characters.json */; };
		8B14B97D22E74DBE00ADAAD2 /* animes.json in Resources */ = {isa = PBXBuildFile; fileRef = 8B14B97C22E74DBE00ADAAD2 /* animes.json */; };
		8B14B98222E7524C00ADAAD2 /* AnimesService.swift in Sources */ = {isa = PBXBuildFile; fileRef = 8B14B98122E7524C00ADAAD2 /* AnimesService.swift */; };
		8B14B98422E75E2700ADAAD2 /* CharactersService.swift in Sources */ = {isa = PBXBuildFile; fileRef = 8B14B98322E75E2700ADAAD2 /* CharactersService.swift */; };
		8B14B98622E7651800ADAAD2 /* TableCell.swift in Sources */ = {isa = PBXBuildFile; fileRef = 8B14B98522E7651800ADAAD2 /* TableCell.swift */; };
		8B355DFF22E875DE00996CA3 /* CView.swift in Sources */ = {isa = PBXBuildFile; fileRef = 8B355DFE22E875DE00996CA3 /* CView.swift */; };
		8B355E0122E8A88300996CA3 /* AnimeViewController.swift in Sources */ = {isa = PBXBuildFile; fileRef = 8B355E0022E8A88300996CA3 /* AnimeViewController.swift */; };
		8B355E0322E8A8F400996CA3 /* AnimeCell.swift in Sources */ = {isa = PBXBuildFile; fileRef = 8B355E0222E8A8F400996CA3 /* AnimeCell.swift */; };
		8B355E0522E8DCE900996CA3 /* AnimePageController.swift in Sources */ = {isa = PBXBuildFile; fileRef = 8B355E0422E8DCE900996CA3 /* AnimePageController.swift */; };
/* End PBXBuildFile section */

/* Begin PBXFileReference section */
		8B14B95A22E7154900ADAAD2 /* MyAnimeDatabase.app */ = {isa = PBXFileReference; explicitFileType = wrapper.application; includeInIndex = 0; path = MyAnimeDatabase.app; sourceTree = BUILT_PRODUCTS_DIR; };
		8B14B95D22E7154900ADAAD2 /* AppDelegate.swift */ = {isa = PBXFileReference; lastKnownFileType = sourcecode.swift; path = AppDelegate.swift; sourceTree = "<group>"; };
		8B14B96222E7154900ADAAD2 /* Base */ = {isa = PBXFileReference; lastKnownFileType = file.storyboard; name = Base; path = Base.lproj/Main.storyboard; sourceTree = "<group>"; };
		8B14B96422E7154C00ADAAD2 /* Assets.xcassets */ = {isa = PBXFileReference; lastKnownFileType = folder.assetcatalog; path = Assets.xcassets; sourceTree = "<group>"; };
		8B14B96722E7154C00ADAAD2 /* Base */ = {isa = PBXFileReference; lastKnownFileType = file.storyboard; name = Base; path = Base.lproj/LaunchScreen.storyboard; sourceTree = "<group>"; };
		8B14B96922E7154C00ADAAD2 /* Info.plist */ = {isa = PBXFileReference; lastKnownFileType = text.plist.xml; path = Info.plist; sourceTree = "<group>"; };
		8B14B97022E72EF500ADAAD2 /* MyAnimeDB.png */ = {isa = PBXFileReference; lastKnownFileType = image.png; path = MyAnimeDB.png; sourceTree = "<group>"; };
		8B14B97522E744A700ADAAD2 /* CSearchController.swift */ = {isa = PBXFileReference; lastKnownFileType = sourcecode.swift; path = CSearchController.swift; sourceTree = "<group>"; };
		8B14B97A22E74D7D00ADAAD2 /* characters.json */ = {isa = PBXFileReference; lastKnownFileType = text.json; path = characters.json; sourceTree = "<group>"; };
		8B14B97C22E74DBE00ADAAD2 /* animes.json */ = {isa = PBXFileReference; lastKnownFileType = text.json; path = animes.json; sourceTree = "<group>"; };
		8B14B98122E7524C00ADAAD2 /* AnimesService.swift */ = {isa = PBXFileReference; lastKnownFileType = sourcecode.swift; path = AnimesService.swift; sourceTree = "<group>"; };
		8B14B98322E75E2700ADAAD2 /* CharactersService.swift */ = {isa = PBXFileReference; lastKnownFileType = sourcecode.swift; path = CharactersService.swift; sourceTree = "<group>"; };
		8B14B98522E7651800ADAAD2 /* TableCell.swift */ = {isa = PBXFileReference; lastKnownFileType = sourcecode.swift; path = TableCell.swift; sourceTree = "<group>"; };
		8B355DFE22E875DE00996CA3 /* CView.swift */ = {isa = PBXFileReference; lastKnownFileType = sourcecode.swift; path = CView.swift; sourceTree = "<group>"; };
		8B355E0022E8A88300996CA3 /* AnimeViewController.swift */ = {isa = PBXFileReference; lastKnownFileType = sourcecode.swift; path = AnimeViewController.swift; sourceTree = "<group>"; };
		8B355E0222E8A8F400996CA3 /* AnimeCell.swift */ = {isa = PBXFileReference; lastKnownFileType = sourcecode.swift; path = AnimeCell.swift; sourceTree = "<group>"; };
		8B355E0422E8DCE900996CA3 /* AnimePageController.swift */ = {isa = PBXFileReference; lastKnownFileType = sourcecode.swift; path = AnimePageController.swift; sourceTree = "<group>"; };
/* End PBXFileReference section */

/* Begin PBXFrameworksBuildPhase section */
		8B14B95722E7154900ADAAD2 /* Frameworks */ = {
			isa = PBXFrameworksBuildPhase;
			buildActionMask = 2147483647;
			files = (
			);
			runOnlyForDeploymentPostprocessing = 0;
		};
/* End PBXFrameworksBuildPhase section */

/* Begin PBXGroup section */
		8B14B95122E7154900ADAAD2 = {
			isa = PBXGroup;
			children = (
				8B14B95C22E7154900ADAAD2 /* MyAnimeDatabase */,
				8B14B95B22E7154900ADAAD2 /* Products */,
			);
			sourceTree = "<group>";
		};
		8B14B95B22E7154900ADAAD2 /* Products */ = {
			isa = PBXGroup;
			children = (
				8B14B95A22E7154900ADAAD2 /* MyAnimeDatabase.app */,
			);
			name = Products;
			sourceTree = "<group>";
		};
		8B14B95C22E7154900ADAAD2 /* MyAnimeDatabase */ = {
			isa = PBXGroup;
			children = (
				8B14B97E22E751BF00ADAAD2 /* Services */,
				8B14B97922E7450B00ADAAD2 /* Data */,
				8B14B97222E7445E00ADAAD2 /* Controller */,
				8B14B96F22E72EB400ADAAD2 /* Images */,
				8B14B95D22E7154900ADAAD2 /* AppDelegate.swift */,
				8B14B96122E7154900ADAAD2 /* Main.storyboard */,
				8B14B96422E7154C00ADAAD2 /* Assets.xcassets */,
				8B14B96622E7154C00ADAAD2 /* LaunchScreen.storyboard */,
				8B14B96922E7154C00ADAAD2 /* Info.plist */,
			);
			path = MyAnimeDatabase;
			sourceTree = "<group>";
		};
		8B14B96F22E72EB400ADAAD2 /* Images */ = {
			isa = PBXGroup;
			children = (
				8B14B97022E72EF500ADAAD2 /* MyAnimeDB.png */,
			);
			path = Images;
			sourceTree = "<group>";
		};
		8B14B97222E7445E00ADAAD2 /* Controller */ = {
			isa = PBXGroup;
			children = (
				8B14B97522E744A700ADAAD2 /* CSearchController.swift */,
				8B14B98522E7651800ADAAD2 /* TableCell.swift */,
				8B355DFE22E875DE00996CA3 /* CView.swift */,
				8B355E0022E8A88300996CA3 /* AnimeViewController.swift */,
				8B355E0222E8A8F400996CA3 /* AnimeCell.swift */,
				8B355E0422E8DCE900996CA3 /* AnimePageController.swift */,
			);
			path = Controller;
			sourceTree = "<group>";
		};
		8B14B97922E7450B00ADAAD2 /* Data */ = {
			isa = PBXGroup;
			children = (
				8B14B97A22E74D7D00ADAAD2 /* characters.json */,
				8B14B97C22E74DBE00ADAAD2 /* animes.json */,
			);
			path = Data;
			sourceTree = "<group>";
		};
		8B14B97E22E751BF00ADAAD2 /* Services */ = {
			isa = PBXGroup;
			children = (
				8B14B98122E7524C00ADAAD2 /* AnimesService.swift */,
				8B14B98322E75E2700ADAAD2 /* CharactersService.swift */,
			);
			path = Services;
			sourceTree = "<group>";
		};
/* End PBXGroup section */

/* Begin PBXNativeTarget section */
		8B14B95922E7154900ADAAD2 /* MyAnimeDatabase */ = {
			isa = PBXNativeTarget;
			buildConfigurationList = 8B14B96C22E7154C00ADAAD2 /* Build configuration list for PBXNativeTarget "MyAnimeDatabase" */;
			buildPhases = (
				8B14B95622E7154900ADAAD2 /* Sources */,
				8B14B95722E7154900ADAAD2 /* Frameworks */,
				8B14B95822E7154900ADAAD2 /* Resources */,
			);
			buildRules = (
			);
			dependencies = (
			);
			name = MyAnimeDatabase;
			productName = MyAnimeDatabase;
			productReference = 8B14B95A22E7154900ADAAD2 /* MyAnimeDatabase.app */;
			productType = "com.apple.product-type.application";
		};
/* End PBXNativeTarget section */

/* Begin PBXProject section */
		8B14B95222E7154900ADAAD2 /* Project object */ = {
			isa = PBXProject;
			attributes = {
				LastSwiftUpdateCheck = 1010;
				LastUpgradeCheck = 1010;
				ORGANIZATIONNAME = Developer;
				TargetAttributes = {
					8B14B95922E7154900ADAAD2 = {
						CreatedOnToolsVersion = 10.1;
					};
				};
			};
			buildConfigurationList = 8B14B95522E7154900ADAAD2 /* Build configuration list for PBXProject "MyAnimeDatabase" */;
			compatibilityVersion = "Xcode 9.3";
			developmentRegion = en;
			hasScannedForEncodings = 0;
			knownRegions = (
				en,
				Base,
			);
			mainGroup = 8B14B95122E7154900ADAAD2;
			productRefGroup = 8B14B95B22E7154900ADAAD2 /* Products */;
			projectDirPath = "";
			projectRoot = "";
			targets = (
				8B14B95922E7154900ADAAD2 /* MyAnimeDatabase */,
			);
		};
/* End PBXProject section */

/* Begin PBXResourcesBuildPhase section */
		8B14B95822E7154900ADAAD2 /* Resources */ = {
			isa = PBXResourcesBuildPhase;
			buildActionMask = 2147483647;
			files = (
				8B14B96822E7154C00ADAAD2 /* LaunchScreen.storyboard in Resources */,
				8B14B96522E7154C00ADAAD2 /* Assets.xcassets in Resources */,
				8B14B97D22E74DBE00ADAAD2 /* animes.json in Resources */,
				8B14B97122E72EF500ADAAD2 /* MyAnimeDB.png in Resources */,
				8B14B97B22E74D7D00ADAAD2 /* characters.json in Resources */,
				8B14B96322E7154900ADAAD2 /* Main.storyboard in Resources */,
			);
			runOnlyForDeploymentPostprocessing = 0;
		};
/* End PBXResourcesBuildPhase section */

/* Begin PBXSourcesBuildPhase section */
		8B14B95622E7154900ADAAD2 /* Sources */ = {
			isa = PBXSourcesBuildPhase;
			buildActionMask = 2147483647;
			files = (
				8B14B98622E7651800ADAAD2 /* TableCell.swift in Sources */,
				8B355DFF22E875DE00996CA3 /* CView.swift in Sources */,
				8B355E0122E8A88300996CA3 /* AnimeViewController.swift in Sources */,
				8B355E0522E8DCE900996CA3 /* AnimePageController.swift in Sources */,
				8B14B98222E7524C00ADAAD2 /* AnimesService.swift in Sources */,
				8B355E0322E8A8F400996CA3 /* AnimeCell.swift in Sources */,
				8B14B97622E744A700ADAAD2 /* CSearchController.swift in Sources */,
				8B14B95E22E7154900ADAAD2 /* AppDelegate.swift in Sources */,
				8B14B98422E75E2700ADAAD2 /* CharactersService.swift in Sources */,
			);
			runOnlyForDeploymentPostprocessing = 0;
		};
/* End PBXSourcesBuildPhase section */

/* Begin PBXVariantGroup section */
		8B14B96122E7154900ADAAD2 /* Main.storyboard */ = {
			isa = PBXVariantGroup;
			children = (
				8B14B96222E7154900ADAAD2 /* Base */,
			);
			name = Main.storyboard;
			sourceTree = "<group>";
		};
		8B14B96622E7154C00ADAAD2 /* LaunchScreen.storyboard */ = {
			isa = PBXVariantGroup;
			children = (
				8B14B96722E7154C00ADAAD2 /* Base */,
			);
			name = LaunchScreen.storyboard;
			sourceTree = "<group>";
		};
/* End PBXVariantGroup section */

/* Begin XCBuildConfiguration section */
		8B14B96A22E7154C00ADAAD2 /* Debug */ = {
			isa = XCBuildConfiguration;
			buildSettings = {
				ALWAYS_SEARCH_USER_PATHS = NO;
				CLANG_ANALYZER_NONNULL = YES;
				CLANG_ANALYZER_NUMBER_OBJECT_CONVERSION = YES_AGGRESSIVE;
				CLANG_CXX_LANGUAGE_STANDARD = "gnu++14";
				CLANG_CXX_LIBRARY = "libc++";
				CLANG_ENABLE_MODULES = YES;
				CLANG_ENABLE_OBJC_ARC = YES;
				CLANG_ENABLE_OBJC_WEAK = YES;
				CLANG_WARN_BLOCK_CAPTURE_AUTORELEASING = YES;
				CLANG_WARN_BOOL_CONVERSION = YES;
				CLANG_WARN_COMMA = YES;
				CLANG_WARN_CONSTANT_CONVERSION = YES;
				CLANG_WARN_DEPRECATED_OBJC_IMPLEMENTATIONS = YES;
				CLANG_WARN_DIRECT_OBJC_ISA_USAGE = YES_ERROR;
				CLANG_WARN_DOCUMENTATION_COMMENTS = YES;
				CLANG_WARN_EMPTY_BODY = YES;
				CLANG_WARN_ENUM_CONVERSION = YES;
				CLANG_WARN_INFINITE_RECURSION = YES;
				CLANG_WARN_INT_CONVERSION = YES;
				CLANG_WARN_NON_LITERAL_NULL_CONVERSION = YES;
				CLANG_WARN_OBJC_IMPLICIT_RETAIN_SELF = YES;
				CLANG_WARN_OBJC_LITERAL_CONVERSION = YES;
				CLANG_WARN_OBJC_ROOT_CLASS = YES_ERROR;
				CLANG_WARN_RANGE_LOOP_ANALYSIS = YES;
				CLANG_WARN_STRICT_PROTOTYPES = YES;
				CLANG_WARN_SUSPICIOUS_MOVE = YES;
				CLANG_WARN_UNGUARDED_AVAILABILITY = YES_AGGRESSIVE;
				CLANG_WARN_UNREACHABLE_CODE = YES;
				CLANG_WARN__DUPLICATE_METHOD_MATCH = YES;
				CODE_SIGN_IDENTITY = "iPhone Developer";
				COPY_PHASE_STRIP = NO;
				DEBUG_INFORMATION_FORMAT = dwarf;
				ENABLE_STRICT_OBJC_MSGSEND = YES;
				ENABLE_TESTABILITY = YES;
				GCC_C_LANGUAGE_STANDARD = gnu11;
				GCC_DYNAMIC_NO_PIC = NO;
				GCC_NO_COMMON_BLOCKS = YES;
				GCC_OPTIMIZATION_LEVEL = 0;
				GCC_PREPROCESSOR_DEFINITIONS = (
					"DEBUG=1",
					"$(inherited)",
				);
				GCC_WARN_64_TO_32_BIT_CONVERSION = YES;
				GCC_WARN_ABOUT_RETURN_TYPE = YES_ERROR;
				GCC_WARN_UNDECLARED_SELECTOR = YES;
				GCC_WARN_UNINITIALIZED_AUTOS = YES_AGGRESSIVE;
				GCC_WARN_UNUSED_FUNCTION = YES;
				GCC_WARN_UNUSED_VARIABLE = YES;
				IPHONEOS_DEPLOYMENT_TARGET = 12.1;
				MTL_ENABLE_DEBUG_INFO = INCLUDE_SOURCE;
				MTL_FAST_MATH = YES;
				ONLY_ACTIVE_ARCH = YES;
				SDKROOT = iphoneos;
				SWIFT_ACTIVE_COMPILATION_CONDITIONS = DEBUG;
				SWIFT_OPTIMIZATION_LEVEL = "-Onone";
			};
			name = Debug;
		};
		8B14B96B22E7154C00ADAAD2 /* Release */ = {
			isa = XCBuildConfiguration;
			buildSettings = {
				ALWAYS_SEARCH_USER_PATHS = NO;
				CLANG_ANALYZER_NONNULL = YES;
				CLANG_ANALYZER_NUMBER_OBJECT_CONVERSION = YES_AGGRESSIVE;
				CLANG_CXX_LANGUAGE_STANDARD = "gnu++14";
				CLANG_CXX_LIBRARY = "libc++";
				CLANG_ENABLE_MODULES = YES;
				CLANG_ENABLE_OBJC_ARC = YES;
				CLANG_ENABLE_OBJC_WEAK = YES;
				CLANG_WARN_BLOCK_CAPTURE_AUTORELEASING = YES;
				CLANG_WARN_BOOL_CONVERSION = YES;
				CLANG_WARN_COMMA = YES;
				CLANG_WARN_CONSTANT_CONVERSION = YES;
				CLANG_WARN_DEPRECATED_OBJC_IMPLEMENTATIONS = YES;
				CLANG_WARN_DIRECT_OBJC_ISA_USAGE = YES_ERROR;
				CLANG_WARN_DOCUMENTATION_COMMENTS = YES;
				CLANG_WARN_EMPTY_BODY = YES;
				CLANG_WARN_ENUM_CONVERSION = YES;
				CLANG_WARN_INFINITE_RECURSION = YES;
				CLANG_WARN_INT_CONVERSION = YES;
				CLANG_WARN_NON_LITERAL_NULL_CONVERSION = YES;
				CLANG_WARN_OBJC_IMPLICIT_RETAIN_SELF = YES;
				CLANG_WARN_OBJC_LITERAL_CONVERSION = YES;
				CLANG_WARN_OBJC_ROOT_CLASS = YES_ERROR;
				CLANG_WARN_RANGE_LOOP_ANALYSIS = YES;
				CLANG_WARN_STRICT_PROTOTYPES = YES;
				CLANG_WARN_SUSPICIOUS_MOVE = YES;
				CLANG_WARN_UNGUARDED_AVAILABILITY = YES_AGGRESSIVE;
				CLANG_WARN_UNREACHABLE_CODE = YES;
				CLANG_WARN__DUPLICATE_METHOD_MATCH = YES;
				CODE_SIGN_IDENTITY = "iPhone Developer";
				COPY_PHASE_STRIP = NO;
				DEBUG_INFORMATION_FORMAT = "dwarf-with-dsym";
				ENABLE_NS_ASSERTIONS = NO;
				ENABLE_STRICT_OBJC_MSGSEND = YES;
				GCC_C_LANGUAGE_STANDARD = gnu11;
				GCC_NO_COMMON_BLOCKS = YES;
				GCC_WARN_64_TO_32_BIT_CONVERSION = YES;
				GCC_WARN_ABOUT_RETURN_TYPE = YES_ERROR;
				GCC_WARN_UNDECLARED_SELECTOR = YES;
				GCC_WARN_UNINITIALIZED_AUTOS = YES_AGGRESSIVE;
				GCC_WARN_UNUSED_FUNCTION = YES;
				GCC_WARN_UNUSED_VARIABLE = YES;
				IPHONEOS_DEPLOYMENT_TARGET = 12.1;
				MTL_ENABLE_DEBUG_INFO = NO;
				MTL_FAST_MATH = YES;
				SDKROOT = iphoneos;
				SWIFT_COMPILATION_MODE = wholemodule;
				SWIFT_OPTIMIZATION_LEVEL = "-O";
				VALIDATE_PRODUCT = YES;
			};
			name = Release;
		};
		8B14B96D22E7154C00ADAAD2 /* Debug */ = {
			isa = XCBuildConfiguration;
			buildSettings = {
				ASSETCATALOG_COMPILER_APPICON_NAME = AppIcon;
				CODE_SIGN_STYLE = Automatic;
				INFOPLIST_FILE = MyAnimeDatabase/Info.plist;
				LD_RUNPATH_SEARCH_PATHS = (
					"$(inherited)",
					"@executable_path/Frameworks",
				);
				PRODUCT_BUNDLE_IDENTIFIER = MyAnimeDatabase;
				PRODUCT_NAME = "$(TARGET_NAME)";
				SWIFT_VERSION = 4.2;
				TARGETED_DEVICE_FAMILY = "1,2";
			};
			name = Debug;
		};
		8B14B96E22E7154C00ADAAD2 /* Release */ = {
			isa = XCBuildConfiguration;
			buildSettings = {
				ASSETCATALOG_COMPILER_APPICON_NAME = AppIcon;
				CODE_SIGN_STYLE = Automatic;
				INFOPLIST_FILE = MyAnimeDatabase/Info.plist;
				LD_RUNPATH_SEARCH_PATHS = (
					"$(inherited)",
					"@executable_path/Frameworks",
				);
				PRODUCT_BUNDLE_IDENTIFIER = MyAnimeDatabase;
				PRODUCT_NAME = "$(TARGET_NAME)";
				SWIFT_VERSION = 4.2;
				TARGETED_DEVICE_FAMILY = "1,2";
			};
			name = Release;
		};
/* End XCBuildConfiguration section */

/* Begin XCConfigurationList section */
		8B14B95522E7154900ADAAD2 /* Build configuration list for PBXProject "MyAnimeDatabase" */ = {
			isa = XCConfigurationList;
			buildConfigurations = (
				8B14B96A22E7154C00ADAAD2 /* Debug */,
				8B14B96B22E7154C00ADAAD2 /* Release */,
			);
			defaultConfigurationIsVisible = 0;
			defaultConfigurationName = Release;
		};
		8B14B96C22E7154C00ADAAD2 /* Build configuration list for PBXNativeTarget "MyAnimeDatabase" */ = {
			isa = XCConfigurationList;
			buildConfigurations = (
				8B14B96D22E7154C00ADAAD2 /* Debug */,
				8B14B96E22E7154C00ADAAD2 /* Release */,
			);
			defaultConfigurationIsVisible = 0;
			defaultConfigurationName = Release;
		};
/* End XCConfigurationList section */
	};
	rootObject = 8B14B95222E7154900ADAAD2 /* Project object */;
}
